
Microsoft Visual Studio Solution File, Format Version 10.00
# Visual Studio 2008
Project("{FAE04EC0-301F-11D3-BF4B-00C04F79EFBC}") = "LECTURE_DEMO", "LECTURE_DEMO\LECTURE_DEMO.csproj", "{47D9B51B-7C6D-46F6-9C9E-D5B93D2D8BDD}"
EndProject
Global
	GlobalSection(SolutionConfigurationPlatforms) = preSolution
		Debug|Any CPU = Debug|Any CPU
		Release|Any CPU = Release|Any CPU
	EndGlobalSection
	GlobalSection(ProjectConfigurationPlatforms) = postSolution
		{47D9B51B-7C6D-46F6-9C9E-D5B93D2D8BDD}.Debug|Any CPU.ActiveCfg = Debug|Any CPU
		{47D9B51B-7C6D-46F6-9C9E-D5B93D2D8BDD}.Debug|Any CPU.Build.0 = Debug|Any CPU
		{47D9B51B-7C6D-46F6-9C9E-D5B93D2D8BDD}.Release|Any CPU.ActiveCfg = Release|Any CPU
		{47D9B51B-7C6D-46F6-9C9E-D5B93D2D8BDD}.Release|Any CPU.Build.0 = Release|Any CPU
	EndGlobalSection
	GlobalSection(SolutionProperties) = preSolution
		HideSolutionNode = FALSE
	EndGlobalSection
EndGlobal
